
Microsoft Visual Studio Solution File, Format Version 12.00
# Visual Studio Version 17
VisualStudioVersion = 17.14.36221.1 d17.14
MinimumVisualStudioVersion = 10.0.40219.1
Project("{FAE04EC0-301F-11D3-BF4B-00C04F79EFBC}") = "CSS_PA_Otprema", "CSS_PA_Otprema.csproj", "{2D238541-FA19-7954-A07E-726F84AFB48D}"
EndProject
Global
	GlobalSection(SolutionConfigurationPlatforms) = preSolution
		Debug|Any CPU = Debug|Any CPU
		Release|Any CPU = Release|Any CPU
	EndGlobalSection
	GlobalSection(ProjectConfigurationPlatforms) = postSolution
		{2D238541-FA19-7954-A07E-726F84AFB48D}.Debug|Any CPU.ActiveCfg = Debug|Any CPU
		{2D238541-FA19-7954-A07E-726F84AFB48D}.Debug|Any CPU.Build.0 = Debug|Any CPU
		{2D238541-FA19-7954-A07E-726F84AFB48D}.Release|Any CPU.ActiveCfg = Release|Any CPU
		{2D238541-FA19-7954-A07E-726F84AFB48D}.Release|Any CPU.Build.0 = Release|Any CPU
	EndGlobalSection
	GlobalSection(SolutionProperties) = preSolution
		HideSolutionNode = FALSE
	EndGlobalSection
	GlobalSection(ExtensibilityGlobals) = postSolution
		SolutionGuid = {555BF5CA-2D79-460A-B564-026275664933}
	EndGlobalSection
EndGlobal
